
Microsoft Visual Studio Solution File, Format Version 12.00
# Visual Studio 15
VisualStudioVersion = 15.0.28307.1169
MinimumVisualStudioVersion = 10.0.40219.1
Project("{FAE04EC0-301F-11D3-BF4B-00C04F79EFBC}") = "HelloWorld", "HelloWorld\HelloWorld.csproj", "{44B7C7B1-37DD-425D-9390-0DE73ADEB8EE}"
EndProject
Project("{F184B08F-C81C-45F6-A57F-5ABD9991F28F}") = "HelloWorld_VB", "HelloWorld_VB\HelloWorld_VB.vbproj", "{3DCFF633-D51C-402A-94DF-FB6290C26D46}"
EndProject
Project("{F184B08F-C81C-45F6-A57F-5ABD9991F28F}") = "SMS_VB", "SMS_VB\SMS_VB.vbproj", "{85D2830B-B5AB-407C-9AEA-E403D0F1ABF4}"
EndProject
Project("{F184B08F-C81C-45F6-A57F-5ABD9991F28F}") = "CRUDSimpleTest", "CRUDSimpleTest\CRUDSimpleTest.vbproj", "{F736E4BA-12B0-4EEA-9C17-2BB53053EAEA}"
EndProject
Project("{F184B08F-C81C-45F6-A57F-5ABD9991F28F}") = "Login", "Login\Login.vbproj", "{DC5DC12E-C3D5-4667-8B9F-32E62D6AEC9F}"
EndProject
Project("{F184B08F-C81C-45F6-A57F-5ABD9991F28F}") = "TestForm1", "TestForm1\TestForm1.vbproj", "{574B4218-18CF-490C-87C2-9E8F6EB1FBEF}"
EndProject
Project("{F184B08F-C81C-45F6-A57F-5ABD9991F28F}") = "TextboxFormat", "TextboxFormat\TextboxFormat.vbproj", "{996F8D2A-04DF-4028-BD50-4B7FD3FF1D36}"
EndProject
Project("{F184B08F-C81C-45F6-A57F-5ABD9991F28F}") = "Custom_Controls", "Custom_Controls\Custom_Controls.vbproj", "{0DB70FD3-04E4-472B-A38B-051492F8F34F}"
EndProject
Project("{F184B08F-C81C-45F6-A57F-5ABD9991F28F}") = "Search_Forms", "Search_Forms\Search_Forms.vbproj", "{81A79BFB-0290-43C9-B69C-E7A8DD6B93F9}"
EndProject
Project("{F184B08F-C81C-45F6-A57F-5ABD9991F28F}") = "CSV_Import", "CSV_Import\CSV_Import.vbproj", "{A4DFE930-CF96-49D0-810F-AACA280DFFCD}"
EndProject
Project("{F184B08F-C81C-45F6-A57F-5ABD9991F28F}") = "Test_CustomControl", "Test_CustomControl\Test_CustomControl.vbproj", "{B9590F3F-3A14-4761-8509-482D59941896}"
EndProject
Project("{F184B08F-C81C-45F6-A57F-5ABD9991F28F}") = "TextFile_Test", "TextFile_Test\TextFile_Test.vbproj", "{E9ADBA41-B3D7-437B-BEEE-10FC01432D08}"
EndProject
Global
	GlobalSection(SolutionConfigurationPlatforms) = preSolution
		Debug|Any CPU = Debug|Any CPU
		Release|Any CPU = Release|Any CPU
	EndGlobalSection
	GlobalSection(ProjectConfigurationPlatforms) = postSolution
		{44B7C7B1-37DD-425D-9390-0DE73ADEB8EE}.Debug|Any CPU.ActiveCfg = Debug|Any CPU
		{44B7C7B1-37DD-425D-9390-0DE73ADEB8EE}.Debug|Any CPU.Build.0 = Debug|Any CPU
		{44B7C7B1-37DD-425D-9390-0DE73ADEB8EE}.Release|Any CPU.ActiveCfg = Release|Any CPU
		{44B7C7B1-37DD-425D-9390-0DE73ADEB8EE}.Release|Any CPU.Build.0 = Release|Any CPU
		{3DCFF633-D51C-402A-94DF-FB6290C26D46}.Debug|Any CPU.ActiveCfg = Debug|Any CPU
		{3DCFF633-D51C-402A-94DF-FB6290C26D46}.Debug|Any CPU.Build.0 = Debug|Any CPU
		{3DCFF633-D51C-402A-94DF-FB6290C26D46}.Release|Any CPU.ActiveCfg = Release|Any CPU
		{3DCFF633-D51C-402A-94DF-FB6290C26D46}.Release|Any CPU.Build.0 = Release|Any CPU
		{85D2830B-B5AB-407C-9AEA-E403D0F1ABF4}.Debug|Any CPU.ActiveCfg = Debug|Any CPU
		{85D2830B-B5AB-407C-9AEA-E403D0F1ABF4}.Debug|Any CPU.Build.0 = Debug|Any CPU
		{85D2830B-B5AB-407C-9AEA-E403D0F1ABF4}.Release|Any CPU.ActiveCfg = Release|Any CPU
		{85D2830B-B5AB-407C-9AEA-E403D0F1ABF4}.Release|Any CPU.Build.0 = Release|Any CPU
		{F736E4BA-12B0-4EEA-9C17-2BB53053EAEA}.Debug|Any CPU.ActiveCfg = Debug|Any CPU
		{F736E4BA-12B0-4EEA-9C17-2BB53053EAEA}.Debug|Any CPU.Build.0 = Debug|Any CPU
		{F736E4BA-12B0-4EEA-9C17-2BB53053EAEA}.Release|Any CPU.ActiveCfg = Release|Any CPU
		{F736E4BA-12B0-4EEA-9C17-2BB53053EAEA}.Release|Any CPU.Build.0 = Release|Any CPU
		{DC5DC12E-C3D5-4667-8B9F-32E62D6AEC9F}.Debug|Any CPU.ActiveCfg = Debug|Any CPU
		{DC5DC12E-C3D5-4667-8B9F-32E62D6AEC9F}.Debug|Any CPU.Build.0 = Debug|Any CPU
		{DC5DC12E-C3D5-4667-8B9F-32E62D6AEC9F}.Release|Any CPU.ActiveCfg = Release|Any CPU
		{DC5DC12E-C3D5-4667-8B9F-32E62D6AEC9F}.Release|Any CPU.Build.0 = Release|Any CPU
		{574B4218-18CF-490C-87C2-9E8F6EB1FBEF}.Debug|Any CPU.ActiveCfg = Debug|Any CPU
		{574B4218-18CF-490C-87C2-9E8F6EB1FBEF}.Debug|Any CPU.Build.0 = Debug|Any CPU
		{574B4218-18CF-490C-87C2-9E8F6EB1FBEF}.Release|Any CPU.ActiveCfg = Release|Any CPU
		{574B4218-18CF-490C-87C2-9E8F6EB1FBEF}.Release|Any CPU.Build.0 = Release|Any CPU
		{996F8D2A-04DF-4028-BD50-4B7FD3FF1D36}.Debug|Any CPU.ActiveCfg = Debug|Any CPU
		{996F8D2A-04DF-4028-BD50-4B7FD3FF1D36}.Debug|Any CPU.Build.0 = Debug|Any CPU
		{996F8D2A-04DF-4028-BD50-4B7FD3FF1D36}.Release|Any CPU.ActiveCfg = Release|Any CPU
		{996F8D2A-04DF-4028-BD50-4B7FD3FF1D36}.Release|Any CPU.Build.0 = Release|Any CPU
		{0DB70FD3-04E4-472B-A38B-051492F8F34F}.Debug|Any CPU.ActiveCfg = Debug|Any CPU
		{0DB70FD3-04E4-472B-A38B-051492F8F34F}.Debug|Any CPU.Build.0 = Debug|Any CPU
		{0DB70FD3-04E4-472B-A38B-051492F8F34F}.Release|Any CPU.ActiveCfg = Release|Any CPU
		{0DB70FD3-04E4-472B-A38B-051492F8F34F}.Release|Any CPU.Build.0 = Release|Any CPU
		{81A79BFB-0290-43C9-B69C-E7A8DD6B93F9}.Debug|Any CPU.ActiveCfg = Debug|Any CPU
		{81A79BFB-0290-43C9-B69C-E7A8DD6B93F9}.Debug|Any CPU.Build.0 = Debug|Any CPU
		{81A79BFB-0290-43C9-B69C-E7A8DD6B93F9}.Release|Any CPU.ActiveCfg = Release|Any CPU
		{81A79BFB-0290-43C9-B69C-E7A8DD6B93F9}.Release|Any CPU.Build.0 = Release|Any CPU
		{A4DFE930-CF96-49D0-810F-AACA280DFFCD}.Debug|Any CPU.ActiveCfg = Debug|Any CPU
		{A4DFE930-CF96-49D0-810F-AACA280DFFCD}.Debug|Any CPU.Build.0 = Debug|Any CPU
		{A4DFE930-CF96-49D0-810F-AACA280DFFCD}.Release|Any CPU.ActiveCfg = Release|Any CPU
		{A4DFE930-CF96-49D0-810F-AACA280DFFCD}.Release|Any CPU.Build.0 = Release|Any CPU
		{B9590F3F-3A14-4761-8509-482D59941896}.Debug|Any CPU.ActiveCfg = Debug|Any CPU
		{B9590F3F-3A14-4761-8509-482D59941896}.Debug|Any CPU.Build.0 = Debug|Any CPU
		{B9590F3F-3A14-4761-8509-482D59941896}.Release|Any CPU.ActiveCfg = Release|Any CPU
		{B9590F3F-3A14-4761-8509-482D59941896}.Release|Any CPU.Build.0 = Release|Any CPU
		{E9ADBA41-B3D7-437B-BEEE-10FC01432D08}.Debug|Any CPU.ActiveCfg = Debug|Any CPU
		{E9ADBA41-B3D7-437B-BEEE-10FC01432D08}.Debug|Any CPU.Build.0 = Debug|Any CPU
		{E9ADBA41-B3D7-437B-BEEE-10FC01432D08}.Release|Any CPU.ActiveCfg = Release|Any CPU
		{E9ADBA41-B3D7-437B-BEEE-10FC01432D08}.Release|Any CPU.Build.0 = Release|Any CPU
	EndGlobalSection
	GlobalSection(SolutionProperties) = preSolution
		HideSolutionNode = FALSE
	EndGlobalSection
	GlobalSection(ExtensibilityGlobals) = postSolution
		SolutionGuid = {8F0C328A-2B86-406B-AED8-04EEEA69117B}
	EndGlobalSection
EndGlobal
